FORGE
  remote: https://forgeapi.puppetlabs.com
  specs:
    garethr-docker (2.0.0)
      puppetlabs-apt (>= 1.1.0)
      puppetlabs-stdlib (>= 4.1.0)
      stahnma-epel (>= 0.0.6)
    puppetlabs-apt (1.7.0)
      puppetlabs-stdlib (>= 2.2.1)
    puppetlabs-stdlib (4.3.2)
    stahnma-epel (1.0.0)

GIT
  remote: git://github.com/nickschuch/puppet-rancher.git
  ref: master
  sha: 4b85c3551d592dcf09aca6286ba5b37f1ed4b5d8
  specs:
    nickschuch-rancher (0.0.1)

DEPENDENCIES
  garethr-docker (>= 0)
  nickschuch-rancher (>= 0)
  puppetlabs-stdlib (>= 0)

